
Microsoft Visual Studio Solution File, Format Version 12.00
# Visual Studio 15
VisualStudioVersion = 15.0.27130.2003
MinimumVisualStudioVersion = 10.0.40219.1
Project("{FAE04EC0-301F-11D3-BF4B-00C04F79EFBC}") = "P03_FootballBetting", "P03_FootballBetting\P03_FootballBetting.csproj", "{1D14ECC3-3F5C-4BB3-AA2D-7285BA8AA8A3}"
EndProject
Project("{FAE04EC0-301F-11D3-BF4B-00C04F79EFBC}") = "P03_FootballBetting.Data", "P03_FootballBetting.Data\P03_FootballBetting.Data.csproj", "{EA545053-C49F-4562-B305-1F1279E97DAB}"
EndProject
Project("{FAE04EC0-301F-11D3-BF4B-00C04F79EFBC}") = "P03_FootballBetting.Data.Models", "P03_FootballBetting.Data.Models\P03_FootballBetting.Data.Models.csproj", "{81FCC977-1B08-4E40-AABD-9BCA862DF280}"
EndProject
Global
	GlobalSection(SolutionConfigurationPlatforms) = preSolution
		Debug|Any CPU = Debug|Any CPU
		Release|Any CPU = Release|Any CPU
	EndGlobalSection
	GlobalSection(ProjectConfigurationPlatforms) = postSolution
		{1D14ECC3-3F5C-4BB3-AA2D-7285BA8AA8A3}.Debug|Any CPU.ActiveCfg = Debug|Any CPU
		{1D14ECC3-3F5C-4BB3-AA2D-7285BA8AA8A3}.Debug|Any CPU.Build.0 = Debug|Any CPU
		{1D14ECC3-3F5C-4BB3-AA2D-7285BA8AA8A3}.Release|Any CPU.ActiveCfg = Release|Any CPU
		{1D14ECC3-3F5C-4BB3-AA2D-7285BA8AA8A3}.Release|Any CPU.Build.0 = Release|Any CPU
		{EA545053-C49F-4562-B305-1F1279E97DAB}.Debug|Any CPU.ActiveCfg = Debug|Any CPU
		{EA545053-C49F-4562-B305-1F1279E97DAB}.Debug|Any CPU.Build.0 = Debug|Any CPU
		{EA545053-C49F-4562-B305-1F1279E97DAB}.Release|Any CPU.ActiveCfg = Release|Any CPU
		{EA545053-C49F-4562-B305-1F1279E97DAB}.Release|Any CPU.Build.0 = Release|Any CPU
		{81FCC977-1B08-4E40-AABD-9BCA862DF280}.Debug|Any CPU.ActiveCfg = Debug|Any CPU
		{81FCC977-1B08-4E40-AABD-9BCA862DF280}.Debug|Any CPU.Build.0 = Debug|Any CPU
		{81FCC977-1B08-4E40-AABD-9BCA862DF280}.Release|Any CPU.ActiveCfg = Release|Any CPU
		{81FCC977-1B08-4E40-AABD-9BCA862DF280}.Release|Any CPU.Build.0 = Release|Any CPU
	EndGlobalSection
	GlobalSection(SolutionProperties) = preSolution
		HideSolutionNode = FALSE
	EndGlobalSection
	GlobalSection(ExtensibilityGlobals) = postSolution
		SolutionGuid = {683F2CA8-58DF-4F76-A56A-2501D232F9AF}
	EndGlobalSection
EndGlobal
