
Microsoft Visual Studio Solution File, Format Version 12.00
# Visual Studio 15
VisualStudioVersion = 15.0.27130.2003
MinimumVisualStudioVersion = 10.0.40219.1
Project("{9A19103F-16F7-4668-BE54-9A1E7A4F7556}") = "P01.ProductShop", "P01.ProductShop\P01.ProductShop.csproj", "{A68F3D7B-F1E1-4053-9D25-3D233CFAC71A}"
EndProject
Project("{9A19103F-16F7-4668-BE54-9A1E7A4F7556}") = "P01.ProductShop.Services", "P01.ProductShop.Services\P01.ProductShop.Services.csproj", "{689A5263-8808-4602-8A83-111BBED71679}"
EndProject
Project("{9A19103F-16F7-4668-BE54-9A1E7A4F7556}") = "P01.ProductShop.Data", "P01.ProductShop.Data\P01.ProductShop.Data.csproj", "{638F9FCA-25CC-4F08-86A1-587F0B80AEE5}"
EndProject
Global
	GlobalSection(SolutionConfigurationPlatforms) = preSolution
		Debug|Any CPU = Debug|Any CPU
		Release|Any CPU = Release|Any CPU
	EndGlobalSection
	GlobalSection(ProjectConfigurationPlatforms) = postSolution
		{A68F3D7B-F1E1-4053-9D25-3D233CFAC71A}.Debug|Any CPU.ActiveCfg = Debug|Any CPU
		{A68F3D7B-F1E1-4053-9D25-3D233CFAC71A}.Debug|Any CPU.Build.0 = Debug|Any CPU
		{A68F3D7B-F1E1-4053-9D25-3D233CFAC71A}.Release|Any CPU.ActiveCfg = Release|Any CPU
		{A68F3D7B-F1E1-4053-9D25-3D233CFAC71A}.Release|Any CPU.Build.0 = Release|Any CPU
		{689A5263-8808-4602-8A83-111BBED71679}.Debug|Any CPU.ActiveCfg = Debug|Any CPU
		{689A5263-8808-4602-8A83-111BBED71679}.Debug|Any CPU.Build.0 = Debug|Any CPU
		{689A5263-8808-4602-8A83-111BBED71679}.Release|Any CPU.ActiveCfg = Release|Any CPU
		{689A5263-8808-4602-8A83-111BBED71679}.Release|Any CPU.Build.0 = Release|Any CPU
		{638F9FCA-25CC-4F08-86A1-587F0B80AEE5}.Debug|Any CPU.ActiveCfg = Debug|Any CPU
		{638F9FCA-25CC-4F08-86A1-587F0B80AEE5}.Debug|Any CPU.Build.0 = Debug|Any CPU
		{638F9FCA-25CC-4F08-86A1-587F0B80AEE5}.Release|Any CPU.ActiveCfg = Release|Any CPU
		{638F9FCA-25CC-4F08-86A1-587F0B80AEE5}.Release|Any CPU.Build.0 = Release|Any CPU
	EndGlobalSection
	GlobalSection(SolutionProperties) = preSolution
		HideSolutionNode = FALSE
	EndGlobalSection
	GlobalSection(ExtensibilityGlobals) = postSolution
		SolutionGuid = {B8ABAE13-7CEE-41CB-97BC-6F5FD971A57C}
	EndGlobalSection
EndGlobal
