
Microsoft Visual Studio Solution File, Format Version 12.00
# Visual Studio 15
VisualStudioVersion = 15.0.27130.2003
MinimumVisualStudioVersion = 10.0.40219.1
Project("{FAE04EC0-301F-11D3-BF4B-00C04F79EFBC}") = "P01.TestJson", "P01.TestJson\P01.TestJson.csproj", "{70ADEA9F-D947-47DC-B233-8FFA7EE34045}"
EndProject
Global
	GlobalSection(SolutionConfigurationPlatforms) = preSolution
		Debug|Any CPU = Debug|Any CPU
		Release|Any CPU = Release|Any CPU
	EndGlobalSection
	GlobalSection(ProjectConfigurationPlatforms) = postSolution
		{70ADEA9F-D947-47DC-B233-8FFA7EE34045}.Debug|Any CPU.ActiveCfg = Debug|Any CPU
		{70ADEA9F-D947-47DC-B233-8FFA7EE34045}.Debug|Any CPU.Build.0 = Debug|Any CPU
		{70ADEA9F-D947-47DC-B233-8FFA7EE34045}.Release|Any CPU.ActiveCfg = Release|Any CPU
		{70ADEA9F-D947-47DC-B233-8FFA7EE34045}.Release|Any CPU.Build.0 = Release|Any CPU
	EndGlobalSection
	GlobalSection(SolutionProperties) = preSolution
		HideSolutionNode = FALSE
	EndGlobalSection
	GlobalSection(ExtensibilityGlobals) = postSolution
		SolutionGuid = {5804A743-C3D9-4432-A829-0D0206ABCAE5}
	EndGlobalSection
EndGlobal
