
Microsoft Visual Studio Solution File, Format Version 12.00
# Visual Studio 15
VisualStudioVersion = 15.0.27130.2003
MinimumVisualStudioVersion = 10.0.40219.1
Project("{9A19103F-16F7-4668-BE54-9A1E7A4F7556}") = "P02_DatabaseFirst", "P01.DatabaseFirst\P02_DatabaseFirst.csproj", "{37B6B25C-740B-4957-896F-38F96A25A6E1}"
EndProject
Global
	GlobalSection(SolutionConfigurationPlatforms) = preSolution
		Debug|Any CPU = Debug|Any CPU
		Release|Any CPU = Release|Any CPU
	EndGlobalSection
	GlobalSection(ProjectConfigurationPlatforms) = postSolution
		{37B6B25C-740B-4957-896F-38F96A25A6E1}.Debug|Any CPU.ActiveCfg = Debug|Any CPU
		{37B6B25C-740B-4957-896F-38F96A25A6E1}.Debug|Any CPU.Build.0 = Debug|Any CPU
		{37B6B25C-740B-4957-896F-38F96A25A6E1}.Release|Any CPU.ActiveCfg = Release|Any CPU
		{37B6B25C-740B-4957-896F-38F96A25A6E1}.Release|Any CPU.Build.0 = Release|Any CPU
	EndGlobalSection
	GlobalSection(SolutionProperties) = preSolution
		HideSolutionNode = FALSE
	EndGlobalSection
	GlobalSection(ExtensibilityGlobals) = postSolution
		SolutionGuid = {64843040-098A-4760-ADC2-B9F16B64C6CC}
	EndGlobalSection
EndGlobal
