
Microsoft Visual Studio Solution File, Format Version 12.00
# Visual Studio 15
VisualStudioVersion = 15.0.27130.2003
MinimumVisualStudioVersion = 10.0.40219.1
Project("{FAE04EC0-301F-11D3-BF4B-00C04F79EFBC}") = "P03_SalesDatabase", "P03_SalesDatabase\P03_SalesDatabase.csproj", "{5F2FED05-CCB7-4588-BF4B-DD5172C80B51}"
EndProject
Global
	GlobalSection(SolutionConfigurationPlatforms) = preSolution
		Debug|Any CPU = Debug|Any CPU
		Release|Any CPU = Release|Any CPU
	EndGlobalSection
	GlobalSection(ProjectConfigurationPlatforms) = postSolution
		{5F2FED05-CCB7-4588-BF4B-DD5172C80B51}.Debug|Any CPU.ActiveCfg = Debug|Any CPU
		{5F2FED05-CCB7-4588-BF4B-DD5172C80B51}.Debug|Any CPU.Build.0 = Debug|Any CPU
		{5F2FED05-CCB7-4588-BF4B-DD5172C80B51}.Release|Any CPU.ActiveCfg = Release|Any CPU
		{5F2FED05-CCB7-4588-BF4B-DD5172C80B51}.Release|Any CPU.Build.0 = Release|Any CPU
	EndGlobalSection
	GlobalSection(SolutionProperties) = preSolution
		HideSolutionNode = FALSE
	EndGlobalSection
	GlobalSection(ExtensibilityGlobals) = postSolution
		SolutionGuid = {8247C8AB-C67C-41B9-9910-A91BCEEEA7F5}
	EndGlobalSection
EndGlobal
