
Microsoft Visual Studio Solution File, Format Version 12.00
# Visual Studio 15
VisualStudioVersion = 15.0.27130.2003
MinimumVisualStudioVersion = 10.0.40219.1
Project("{FAE04EC0-301F-11D3-BF4B-00C04F79EFBC}") = "P01.Work.App", "P01.Work.App\P01.Work.App.csproj", "{F2843B58-9004-4619-A121-E1E777560633}"
EndProject
Project("{FAE04EC0-301F-11D3-BF4B-00C04F79EFBC}") = "P01.Work.Data", "P01.Work.Data\P01.Work.Data.csproj", "{0823D4AA-BA4E-409B-A513-E5906A018769}"
EndProject
Project("{FAE04EC0-301F-11D3-BF4B-00C04F79EFBC}") = "P01.Work.Models", "P01.Work.Models\P01.Work.Models.csproj", "{3D0259AB-5500-43E2-9775-8F917915EA4E}"
EndProject
Project("{FAE04EC0-301F-11D3-BF4B-00C04F79EFBC}") = "P01.Work.Services", "P01.Work.Services\P01.Work.Services.csproj", "{4995F61E-DB1C-47C1-8382-6825CDF424AD}"
EndProject
Global
	GlobalSection(SolutionConfigurationPlatforms) = preSolution
		Debug|Any CPU = Debug|Any CPU
		Release|Any CPU = Release|Any CPU
	EndGlobalSection
	GlobalSection(ProjectConfigurationPlatforms) = postSolution
		{F2843B58-9004-4619-A121-E1E777560633}.Debug|Any CPU.ActiveCfg = Debug|Any CPU
		{F2843B58-9004-4619-A121-E1E777560633}.Debug|Any CPU.Build.0 = Debug|Any CPU
		{F2843B58-9004-4619-A121-E1E777560633}.Release|Any CPU.ActiveCfg = Release|Any CPU
		{F2843B58-9004-4619-A121-E1E777560633}.Release|Any CPU.Build.0 = Release|Any CPU
		{0823D4AA-BA4E-409B-A513-E5906A018769}.Debug|Any CPU.ActiveCfg = Debug|Any CPU
		{0823D4AA-BA4E-409B-A513-E5906A018769}.Debug|Any CPU.Build.0 = Debug|Any CPU
		{0823D4AA-BA4E-409B-A513-E5906A018769}.Release|Any CPU.ActiveCfg = Release|Any CPU
		{0823D4AA-BA4E-409B-A513-E5906A018769}.Release|Any CPU.Build.0 = Release|Any CPU
		{3D0259AB-5500-43E2-9775-8F917915EA4E}.Debug|Any CPU.ActiveCfg = Debug|Any CPU
		{3D0259AB-5500-43E2-9775-8F917915EA4E}.Debug|Any CPU.Build.0 = Debug|Any CPU
		{3D0259AB-5500-43E2-9775-8F917915EA4E}.Release|Any CPU.ActiveCfg = Release|Any CPU
		{3D0259AB-5500-43E2-9775-8F917915EA4E}.Release|Any CPU.Build.0 = Release|Any CPU
		{4995F61E-DB1C-47C1-8382-6825CDF424AD}.Debug|Any CPU.ActiveCfg = Debug|Any CPU
		{4995F61E-DB1C-47C1-8382-6825CDF424AD}.Debug|Any CPU.Build.0 = Debug|Any CPU
		{4995F61E-DB1C-47C1-8382-6825CDF424AD}.Release|Any CPU.ActiveCfg = Release|Any CPU
		{4995F61E-DB1C-47C1-8382-6825CDF424AD}.Release|Any CPU.Build.0 = Release|Any CPU
	EndGlobalSection
	GlobalSection(SolutionProperties) = preSolution
		HideSolutionNode = FALSE
	EndGlobalSection
	GlobalSection(ExtensibilityGlobals) = postSolution
		SolutionGuid = {CB8B596A-1C83-4D69-9E6D-82BD747A4262}
	EndGlobalSection
EndGlobal
