
Microsoft Visual Studio Solution File, Format Version 12.00
# Visual Studio 15
VisualStudioVersion = 15.0.27130.2003
MinimumVisualStudioVersion = 10.0.40219.1
Project("{FAE04EC0-301F-11D3-BF4B-00C04F79EFBC}") = "P01.TestAutoMapping", "P01.TestAutoMapping\P01.TestAutoMapping.csproj", "{0AD4AB9C-3B7A-4FEF-B1FC-C2FA9DE08EBD}"
EndProject
Project("{FAE04EC0-301F-11D3-BF4B-00C04F79EFBC}") = "P01.TestAutoMapping.Data", "P01.TestAutoMapping.Data\P01.TestAutoMapping.Data.csproj", "{09133CAC-8042-42E4-AE08-073C03321C1C}"
EndProject
Project("{FAE04EC0-301F-11D3-BF4B-00C04F79EFBC}") = "P01.TestAutoMapping.Data.Models", "P01.TestAutoMapping.Data.Models\P01.TestAutoMapping.Data.Models.csproj", "{18CD400B-BC89-4886-BB65-E7568E3F8B89}"
EndProject
Global
	GlobalSection(SolutionConfigurationPlatforms) = preSolution
		Debug|Any CPU = Debug|Any CPU
		Release|Any CPU = Release|Any CPU
	EndGlobalSection
	GlobalSection(ProjectConfigurationPlatforms) = postSolution
		{0AD4AB9C-3B7A-4FEF-B1FC-C2FA9DE08EBD}.Debug|Any CPU.ActiveCfg = Debug|Any CPU
		{0AD4AB9C-3B7A-4FEF-B1FC-C2FA9DE08EBD}.Debug|Any CPU.Build.0 = Debug|Any CPU
		{0AD4AB9C-3B7A-4FEF-B1FC-C2FA9DE08EBD}.Release|Any CPU.ActiveCfg = Release|Any CPU
		{0AD4AB9C-3B7A-4FEF-B1FC-C2FA9DE08EBD}.Release|Any CPU.Build.0 = Release|Any CPU
		{09133CAC-8042-42E4-AE08-073C03321C1C}.Debug|Any CPU.ActiveCfg = Debug|Any CPU
		{09133CAC-8042-42E4-AE08-073C03321C1C}.Debug|Any CPU.Build.0 = Debug|Any CPU
		{09133CAC-8042-42E4-AE08-073C03321C1C}.Release|Any CPU.ActiveCfg = Release|Any CPU
		{09133CAC-8042-42E4-AE08-073C03321C1C}.Release|Any CPU.Build.0 = Release|Any CPU
		{18CD400B-BC89-4886-BB65-E7568E3F8B89}.Debug|Any CPU.ActiveCfg = Debug|Any CPU
		{18CD400B-BC89-4886-BB65-E7568E3F8B89}.Debug|Any CPU.Build.0 = Debug|Any CPU
		{18CD400B-BC89-4886-BB65-E7568E3F8B89}.Release|Any CPU.ActiveCfg = Release|Any CPU
		{18CD400B-BC89-4886-BB65-E7568E3F8B89}.Release|Any CPU.Build.0 = Release|Any CPU
	EndGlobalSection
	GlobalSection(SolutionProperties) = preSolution
		HideSolutionNode = FALSE
	EndGlobalSection
	GlobalSection(ExtensibilityGlobals) = postSolution
		SolutionGuid = {8FB7169F-026D-4E8A-81E6-D085D2299D35}
	EndGlobalSection
EndGlobal
